
Microsoft Visual Studio Solution File, Format Version 12.00
# Visual Studio Version 16
VisualStudioVersion = 16.0.30611.23
MinimumVisualStudioVersion = 10.0.40219.1
Project("{FAE04EC0-301F-11D3-BF4B-00C04F79EFBC}") = "Cocktail.WebAPI", "Cocktail.WebAPI\Cocktail.WebAPI.csproj", "{3DA0B68F-AA88-48E9-8255-D9A0AAF30399}"
	ProjectSection(ProjectDependencies) = postProject
		{B39EE735-EE7F-48C4-A183-DE28936C82DA} = {B39EE735-EE7F-48C4-A183-DE28936C82DA}
		{49DBBC3D-8085-462E-8F4E-B88B2F939402} = {49DBBC3D-8085-462E-8F4E-B88B2F939402}
		{4BBC359C-D5D5-454C-B089-C787499C7E4C} = {4BBC359C-D5D5-454C-B089-C787499C7E4C}
		{9C96A0C7-28A5-4CBA-AF32-9CADB52561C9} = {9C96A0C7-28A5-4CBA-AF32-9CADB52561C9}
		{63B2F4C8-398D-4D84-AA03-F0BA2261B51E} = {63B2F4C8-398D-4D84-AA03-F0BA2261B51E}
	EndProjectSection
EndProject
Project("{FAE04EC0-301F-11D3-BF4B-00C04F79EFBC}") = "Cocktail.Service", "Cocktail.Service\Cocktail.Service.csproj", "{4BBC359C-D5D5-454C-B089-C787499C7E4C}"
	ProjectSection(ProjectDependencies) = postProject
		{B39EE735-EE7F-48C4-A183-DE28936C82DA} = {B39EE735-EE7F-48C4-A183-DE28936C82DA}
		{49DBBC3D-8085-462E-8F4E-B88B2F939402} = {49DBBC3D-8085-462E-8F4E-B88B2F939402}
		{4575D24C-C142-44A2-8591-F2E7C4F860D1} = {4575D24C-C142-44A2-8591-F2E7C4F860D1}
		{9C96A0C7-28A5-4CBA-AF32-9CADB52561C9} = {9C96A0C7-28A5-4CBA-AF32-9CADB52561C9}
		{63B2F4C8-398D-4D84-AA03-F0BA2261B51E} = {63B2F4C8-398D-4D84-AA03-F0BA2261B51E}
		{DEE62FE3-3776-420C-BAD4-B5C20BFFF638} = {DEE62FE3-3776-420C-BAD4-B5C20BFFF638}
	EndProjectSection
EndProject
Project("{FAE04EC0-301F-11D3-BF4B-00C04F79EFBC}") = "Cocktail.Repository", "Cocktail.Repository\Cocktail.Repository.csproj", "{DEE62FE3-3776-420C-BAD4-B5C20BFFF638}"
	ProjectSection(ProjectDependencies) = postProject
		{49DBBC3D-8085-462E-8F4E-B88B2F939402} = {49DBBC3D-8085-462E-8F4E-B88B2F939402}
		{4575D24C-C142-44A2-8591-F2E7C4F860D1} = {4575D24C-C142-44A2-8591-F2E7C4F860D1}
		{9C96A0C7-28A5-4CBA-AF32-9CADB52561C9} = {9C96A0C7-28A5-4CBA-AF32-9CADB52561C9}
		{63B2F4C8-398D-4D84-AA03-F0BA2261B51E} = {63B2F4C8-398D-4D84-AA03-F0BA2261B51E}
		{6DF65BD8-FBB7-4F03-B28B-5E318A85757C} = {6DF65BD8-FBB7-4F03-B28B-5E318A85757C}
	EndProjectSection
EndProject
Project("{FAE04EC0-301F-11D3-BF4B-00C04F79EFBC}") = "Cocktail.Model", "Cocktail.Model\Cocktail.Model.csproj", "{9C96A0C7-28A5-4CBA-AF32-9CADB52561C9}"
	ProjectSection(ProjectDependencies) = postProject
		{49DBBC3D-8085-462E-8F4E-B88B2F939402} = {49DBBC3D-8085-462E-8F4E-B88B2F939402}
		{63B2F4C8-398D-4D84-AA03-F0BA2261B51E} = {63B2F4C8-398D-4D84-AA03-F0BA2261B51E}
	EndProjectSection
EndProject
Project("{FAE04EC0-301F-11D3-BF4B-00C04F79EFBC}") = "Cocktail.DAL", "Cocktail.DAL\Cocktail.DAL.csproj", "{6DF65BD8-FBB7-4F03-B28B-5E318A85757C}"
	ProjectSection(ProjectDependencies) = postProject
		{49DBBC3D-8085-462E-8F4E-B88B2F939402} = {49DBBC3D-8085-462E-8F4E-B88B2F939402}
		{9C96A0C7-28A5-4CBA-AF32-9CADB52561C9} = {9C96A0C7-28A5-4CBA-AF32-9CADB52561C9}
		{63B2F4C8-398D-4D84-AA03-F0BA2261B51E} = {63B2F4C8-398D-4D84-AA03-F0BA2261B51E}
	EndProjectSection
EndProject
Project("{FAE04EC0-301F-11D3-BF4B-00C04F79EFBC}") = "Cocktail.Service.Common", "Cocktail.Service.Common\Cocktail.Service.Common.csproj", "{B39EE735-EE7F-48C4-A183-DE28936C82DA}"
EndProject
Project("{FAE04EC0-301F-11D3-BF4B-00C04F79EFBC}") = "Cocktail.Repository.Common", "Cocktail.Repository.Common\Cocktail.Repository.Common.csproj", "{4575D24C-C142-44A2-8591-F2E7C4F860D1}"
EndProject
Project("{FAE04EC0-301F-11D3-BF4B-00C04F79EFBC}") = "Cocktail.Model.Common", "Cocktail.Model.Common\Cocktail.Model.Common.csproj", "{63B2F4C8-398D-4D84-AA03-F0BA2261B51E}"
EndProject
Project("{FAE04EC0-301F-11D3-BF4B-00C04F79EFBC}") = "Cocktail.Common", "Cocktail.Common\Cocktail.Common.csproj", "{49DBBC3D-8085-462E-8F4E-B88B2F939402}"
EndProject
Global
	GlobalSection(SolutionConfigurationPlatforms) = preSolution
		Debug|Any CPU = Debug|Any CPU
		Release|Any CPU = Release|Any CPU
	EndGlobalSection
	GlobalSection(ProjectConfigurationPlatforms) = postSolution
		{3DA0B68F-AA88-48E9-8255-D9A0AAF30399}.Debug|Any CPU.ActiveCfg = Debug|Any CPU
		{3DA0B68F-AA88-48E9-8255-D9A0AAF30399}.Debug|Any CPU.Build.0 = Debug|Any CPU
		{3DA0B68F-AA88-48E9-8255-D9A0AAF30399}.Release|Any CPU.ActiveCfg = Release|Any CPU
		{3DA0B68F-AA88-48E9-8255-D9A0AAF30399}.Release|Any CPU.Build.0 = Release|Any CPU
		{4BBC359C-D5D5-454C-B089-C787499C7E4C}.Debug|Any CPU.ActiveCfg = Debug|Any CPU
		{4BBC359C-D5D5-454C-B089-C787499C7E4C}.Debug|Any CPU.Build.0 = Debug|Any CPU
		{4BBC359C-D5D5-454C-B089-C787499C7E4C}.Release|Any CPU.ActiveCfg = Release|Any CPU
		{4BBC359C-D5D5-454C-B089-C787499C7E4C}.Release|Any CPU.Build.0 = Release|Any CPU
		{DEE62FE3-3776-420C-BAD4-B5C20BFFF638}.Debug|Any CPU.ActiveCfg = Debug|Any CPU
		{DEE62FE3-3776-420C-BAD4-B5C20BFFF638}.Debug|Any CPU.Build.0 = Debug|Any CPU
		{DEE62FE3-3776-420C-BAD4-B5C20BFFF638}.Release|Any CPU.ActiveCfg = Release|Any CPU
		{DEE62FE3-3776-420C-BAD4-B5C20BFFF638}.Release|Any CPU.Build.0 = Release|Any CPU
		{9C96A0C7-28A5-4CBA-AF32-9CADB52561C9}.Debug|Any CPU.ActiveCfg = Debug|Any CPU
		{9C96A0C7-28A5-4CBA-AF32-9CADB52561C9}.Debug|Any CPU.Build.0 = Debug|Any CPU
		{9C96A0C7-28A5-4CBA-AF32-9CADB52561C9}.Release|Any CPU.ActiveCfg = Release|Any CPU
		{9C96A0C7-28A5-4CBA-AF32-9CADB52561C9}.Release|Any CPU.Build.0 = Release|Any CPU
		{6DF65BD8-FBB7-4F03-B28B-5E318A85757C}.Debug|Any CPU.ActiveCfg = Debug|Any CPU
		{6DF65BD8-FBB7-4F03-B28B-5E318A85757C}.Debug|Any CPU.Build.0 = Debug|Any CPU
		{6DF65BD8-FBB7-4F03-B28B-5E318A85757C}.Release|Any CPU.ActiveCfg = Release|Any CPU
		{6DF65BD8-FBB7-4F03-B28B-5E318A85757C}.Release|Any CPU.Build.0 = Release|Any CPU
		{B39EE735-EE7F-48C4-A183-DE28936C82DA}.Debug|Any CPU.ActiveCfg = Debug|Any CPU
		{B39EE735-EE7F-48C4-A183-DE28936C82DA}.Debug|Any CPU.Build.0 = Debug|Any CPU
		{B39EE735-EE7F-48C4-A183-DE28936C82DA}.Release|Any CPU.ActiveCfg = Release|Any CPU
		{B39EE735-EE7F-48C4-A183-DE28936C82DA}.Release|Any CPU.Build.0 = Release|Any CPU
		{4575D24C-C142-44A2-8591-F2E7C4F860D1}.Debug|Any CPU.ActiveCfg = Debug|Any CPU
		{4575D24C-C142-44A2-8591-F2E7C4F860D1}.Debug|Any CPU.Build.0 = Debug|Any CPU
		{4575D24C-C142-44A2-8591-F2E7C4F860D1}.Release|Any CPU.ActiveCfg = Release|Any CPU
		{4575D24C-C142-44A2-8591-F2E7C4F860D1}.Release|Any CPU.Build.0 = Release|Any CPU
		{63B2F4C8-398D-4D84-AA03-F0BA2261B51E}.Debug|Any CPU.ActiveCfg = Debug|Any CPU
		{63B2F4C8-398D-4D84-AA03-F0BA2261B51E}.Debug|Any CPU.Build.0 = Debug|Any CPU
		{63B2F4C8-398D-4D84-AA03-F0BA2261B51E}.Release|Any CPU.ActiveCfg = Release|Any CPU
		{63B2F4C8-398D-4D84-AA03-F0BA2261B51E}.Release|Any CPU.Build.0 = Release|Any CPU
		{49DBBC3D-8085-462E-8F4E-B88B2F939402}.Debug|Any CPU.ActiveCfg = Debug|Any CPU
		{49DBBC3D-8085-462E-8F4E-B88B2F939402}.Debug|Any CPU.Build.0 = Debug|Any CPU
		{49DBBC3D-8085-462E-8F4E-B88B2F939402}.Release|Any CPU.ActiveCfg = Release|Any CPU
		{49DBBC3D-8085-462E-8F4E-B88B2F939402}.Release|Any CPU.Build.0 = Release|Any CPU
	EndGlobalSection
	GlobalSection(SolutionProperties) = preSolution
		HideSolutionNode = FALSE
	EndGlobalSection
	GlobalSection(ExtensibilityGlobals) = postSolution
		SolutionGuid = {5B2FA27C-9EBD-4709-B430-32547ACD9D63}
	EndGlobalSection
EndGlobal
